
Microsoft Visual Studio Solution File, Format Version 12.00
# Visual Studio 15
VisualStudioVersion = 15.0.28010.2016
MinimumVisualStudioVersion = 10.0.40219.1
Project("{FAE04EC0-301F-11D3-BF4B-00C04F79EFBC}") = "MsgPackConsole", "MsgPackConsole\MsgPackConsole.csproj", "{80742E4F-0BCB-4C19-892D-9F43E7B4DD52}"
EndProject
Global
	GlobalSection(SolutionConfigurationPlatforms) = preSolution
		Debug|Any CPU = Debug|Any CPU
		Release|Any CPU = Release|Any CPU
	EndGlobalSection
	GlobalSection(ProjectConfigurationPlatforms) = postSolution
		{80742E4F-0BCB-4C19-892D-9F43E7B4DD52}.Debug|Any CPU.ActiveCfg = Debug|Any CPU
		{80742E4F-0BCB-4C19-892D-9F43E7B4DD52}.Debug|Any CPU.Build.0 = Debug|Any CPU
		{80742E4F-0BCB-4C19-892D-9F43E7B4DD52}.Release|Any CPU.ActiveCfg = Release|Any CPU
		{80742E4F-0BCB-4C19-892D-9F43E7B4DD52}.Release|Any CPU.Build.0 = Release|Any CPU
	EndGlobalSection
	GlobalSection(SolutionProperties) = preSolution
		HideSolutionNode = FALSE
	EndGlobalSection
	GlobalSection(ExtensibilityGlobals) = postSolution
		SolutionGuid = {EEC1A9FF-690C-40AD-B606-24D78791F251}
	EndGlobalSection
EndGlobal
